hash: 1f58f2eeaf797692d5d974f87f7e7730642d8c6d884996faf8627c18228f8417
updated: 2016-12-24T06:33:06.598799428+08:00
imports:
- name: cloud.google.com/go
  version: 3c4c8cc11d151d76587802cb55dd7b80beca832b
  repo: https://cloud.google.com/go
- name: cloud.google.com/go/bigtable/internal/cbtconfig
  version: ""
- name: cloud.google.com/go/civil
  version: ""
- name: cloud.google.com/go/translate/internal/translate/v2
  version: ""
- name: github.com/alecthomas/kingpin
  version: a9cc9f3441144ae4dcb56d0dc15acbddbe0ed853
- name: github.com/alecthomas/template
  version: a0175ee3bccc567396460bf5acd36800cb10c49c
- name: github.com/alecthomas/units
  version: 2efee857e7cfd4f3d0138cc3cbb1b4966962b93a
- name: github.com/andybalholm/cascadia
  version: 196d48ce4ae8cf1c8f87088d2884eca214240887
- name: github.com/aws/aws-sdk-go
  version: 9a0c8a57d9bb717d481bc91f995df80d9bb9238c
  subpackages:
  - /aws
  - aws/session
  - service/sts
- name: github.com/beevik/etree
  version: 4cd0dd976db869f817248477718071a28e978df0
- name: github.com/go-ini/ini
  version: 6f66b0e091edb3c7b380f7c4f0f884274d550b67
- name: github.com/golang/geo
  version: 8052dea609ab3333f59022c79c55b12c25f12268
  repo: https://github.com/golang/geo
- name: github.com/golang/glog
  version: 23def4e6c14b4da8ac2ed8007337bc5eb5007998
  repo: https://github.com/golang/glog
- name: github.com/golang/protobuf
  version: 8ee79997227bf9b34611aee7946ae64735e6fd93
  repo: https://github.com/golang/protobuf
- name: github.com/googleapis/gax-go
  version: da06d194a00e19ce00d9011a13931c3f6f6887c7
  repo: https://github.com/googleapis/gax-go
- name: github.com/howeyc/gopass
  version: f5387c492211eb133053880d23dfae62aa14123d
- name: github.com/jcmdev0/gpgagent
  version: 93ff243d728a743d7351cc2f6d6161b9f71218d0
- name: github.com/jmespath/go-jmespath
  version: bd40a432e4c76585ef6b72d3fd96fb9b6dc7b68d
- name: github.com/juju/go4
  version: 40d72ab9641a2a8c36a9c46a51e28367115c8e59
  repo: https://github.com/juju/go4
- name: github.com/juju/persistent-cookiejar
  version: 5243747bf8f2d0897f6c7a52799327dc97d585e8
- name: github.com/pkg/errors
  version: 248dadf4e9068a0b3e79f02ed0a610d935de5302
- name: github.com/PuerkitoBio/goquery
  version: 152b1a2c8f5d0340f658bb656032a39b94e52958
- name: github.com/segmentio/go-prompt
  version: f0d19b6901ade831d5a3204edc0d6a7d6457fbb2
- name: github.com/elmobp/saml2aws
  version: 53ec1f8d1122ae1c75271951e26f5a17df35ca9d
  subpackages:
  - cmd/saml2aws/commands
- name: golang.org/x/crypto
  version: f6b343c37ca80bfa8ea539da67a0b621f84fab1d
  subpackages:
  - /openpgp
- name: golang.org/x/debug
  version: fb508927b491eca48a708e9d000fdb7afa53c32b
  repo: https://golang.org/x/debug
- name: golang.org/x/net
  version: 45e771701b814666a7eb299e6c7a57d0b1799e91
  subpackages:
  - /publicsuffix
- name: golang.org/x/oauth2
  version: 314dd2c0bf3ebd592ec0d20847d27e79d0dbe8dd
  repo: https://golang.org/x/oauth2
- name: golang.org/x/text
  version: a49bea13b776691cb1b49873e5d8df96ec74831a
  repo: https://golang.org/x/text
- name: golang.org/x/time
  version: f51c12702a4d776e4c1fa9b0fabab841babae631
  repo: https://golang.org/x/time
- name: golang.org/x/tools
  version: 908849c3379245f71612058fbf92cf6bf58c3c75
  repo: https://golang.org/x/tools
- name: google.golang.org/api
  version: 55146ba61254fdb1c26d65ff3c04bc1611ad73fb
  repo: https://google.golang.org/api
- name: google.golang.org/appengine
  version: 08a149cfaee099e6ce4be01c0113a78c85ee1dee
  repo: https://google.golang.org/appengine
- name: google.golang.org/cloud
  version: 3c4c8cc11d151d76587802cb55dd7b80beca832b
  repo: https://google.golang.org/cloud
- name: google.golang.org/genproto
  version: b3e7c2fb04031add52c4817f53f43757ccbf9c18
  repo: https://google.golang.org/genproto
- name: google.golang.org/grpc
  version: 9d682f9293b408c42d17c587d0e2a31237ac3f10
  repo: https://google.golang.org/grpc
- name: gopkg.in/errgo.v1
  version: 442357a80af5c6bf9b6d51ae791a39c3421004f3
- name: gopkg.in/ini.v1
  version: 6f66b0e091edb3c7b380f7c4f0f884274d550b67
- name: gopkg.in/retry.v1
  version: c09f6b86ba4d5d2cf5bdf0665364aec9fd4815db
  repo: https://gopkg.in/retry.v1
devImports: []
