# This file is autogenerated, do not edit; changes may be undone by the next 'dep ensure'.


[[projects]]
  branch = "master"
  digest = "1:2d4b3819ba28ab9226dc4106d297e7d1ecd32cef88e5eea07a119ecad9d625be"
  name = "github.com/99designs/keyring"
  packages = ["."]
  pruneopts = "UT"
  revision = "82da6802f65f1ac7963cfc3b7c62ae12dab8ee5d"

[[projects]]
  branch = "master"
  digest = "1:bf641dbf159d010db3c6da01311806f3b85a97cf26da3299bfa690ee4caf9ae4"
  name = "github.com/Azure/go-ntlmssp"
  packages = ["."]
  pruneopts = "UT"
  revision = "4b934ac9dad38d389d34f0b98d98b2467c422012"

[[projects]]
  digest = "1:a62f6ed230a8cd138a9efbe718e7d0b0294f139266f5f55cd942769a9aac8de2"
  name = "github.com/PuerkitoBio/goquery"
  packages = ["."]
  pruneopts = "UT"
  revision = "dc2ec5c7ca4d9aae063b79b9f581dd3ea6afd2b2"
  version = "v1.4.1"

[[projects]]
  digest = "1:c06d9e11d955af78ac3bbb26bd02e01d2f61f689e1a3bce2ef6fb683ef8a7f2d"
  name = "github.com/alecthomas/kingpin"
  packages = ["."]
  pruneopts = "UT"
  revision = "947dcec5ba9c011838740e680966fd7087a71d0d"
  version = "v2.2.6"

[[projects]]
  branch = "master"
  digest = "1:315c5f2f60c76d89b871c73f9bd5fe689cad96597afd50fb9992228ef80bdd34"
  name = "github.com/alecthomas/template"
  packages = [
    ".",
    "parse",
  ]
  pruneopts = "UT"
  revision = "a0175ee3bccc567396460bf5acd36800cb10c49c"

[[projects]]
  branch = "master"
  digest = "1:c198fdc381e898e8fb62b8eb62758195091c313ad18e52a3067366e1dda2fb3c"
  name = "github.com/alecthomas/units"
  packages = ["."]
  pruneopts = "UT"
  revision = "2efee857e7cfd4f3d0138cc3cbb1b4966962b93a"

[[projects]]
  digest = "1:66b3310cf22cdc96c35ef84ede4f7b9b370971c4025f394c89a2638729653b11"
  name = "github.com/andybalholm/cascadia"
  packages = ["."]
  pruneopts = "UT"
  revision = "901648c87902174f774fac311d7f176f8647bdaa"
  version = "v1.0.0"

[[projects]]
  branch = "master"
  digest = "1:d73d422b7f34d8e930d6d9c3ae6ce5c8f4a2c77e1ea43f7f127a5cd084e32ccb"
  name = "github.com/aulanov/go.dbus"
  packages = ["."]
  pruneopts = "UT"
  revision = "25c3068a42a0b50b877953fb249dbcffc6bd1bca"

[[projects]]
  digest = "1:10cdb19adf265e8deb8e62b02e7a8c81117a214fded00d2a07c75c8bb2a02542"
  name = "github.com/aws/aws-sdk-go"
  packages = [
    "aws",
    "aws/awserr",
    "aws/awsutil",
    "aws/client",
    "aws/client/metadata",
    "aws/corehandlers",
    "aws/credentials",
    "aws/credentials/ec2rolecreds",
    "aws/credentials/endpointcreds",
    "aws/credentials/stscreds",
    "aws/csm",
    "aws/defaults",
    "aws/ec2metadata",
    "aws/endpoints",
    "aws/request",
    "aws/session",
    "aws/signer/v4",
    "internal/sdkio",
    "internal/sdkrand",
    "internal/shareddefaults",
    "private/protocol",
    "private/protocol/query",
    "private/protocol/query/queryutil",
    "private/protocol/rest",
    "private/protocol/xml/xmlutil",
    "service/sts",
  ]
  pruneopts = "UT"
  revision = "bfc1a07cf158c30c41a3eefba8aae043d0bb5bff"
  version = "v1.14.8"

[[projects]]
  digest = "1:f25dfe4538112147d22e4c8437efbc2e216112bec37277534ffe146935064ea8"
  name = "github.com/beevik/etree"
  packages = ["."]
  pruneopts = "UT"
  revision = "9d7e8feddccb4ed1b8afb54e368bd323d2ff652c"
  version = "v1.0.1"

[[projects]]
  digest = "1:889290ee5c1f1888baa7caa2b4cdfa8a6abcfb86dd772fe6470ad7925cc44bff"
  name = "github.com/briandowns/spinner"
  packages = ["."]
  pruneopts = "UT"
  revision = "48dbb65d7bd5c74ab50d53d04c949f20e3d14944"
  version = "1.0"

[[projects]]
  digest = "1:586992e81213a853bfe5c102709c0c92020d21b386907ceae783f13bbe899ad7"
  name = "github.com/danieljoos/wincred"
  packages = ["."]
  pruneopts = "UT"
  revision = "412b574fb496839b312a75fba146bd32a89001cf"
  version = "v1.0.1"

[[projects]]
  digest = "1:a2c1d0e43bd3baaa071d1b9ed72c27d78169b2b269f71c105ac4ba34b1be4a39"
  name = "github.com/davecgh/go-spew"
  packages = ["spew"]
  pruneopts = "UT"
  revision = "346938d642f2ec3594ed81d874461961cd0faa76"
  version = "v1.1.0"

[[projects]]
  digest = "1:92dfb1cad60fdfecac5def0f398e05b2b92d2422ac6ad2d7d8e4bdb6057a3d83"
  name = "github.com/dvsekhvalnov/jose2go"
  packages = [
    ".",
    "aes",
    "arrays",
    "base64url",
    "compact",
    "kdf",
    "keys/ecc",
    "padding",
  ]
  pruneopts = "UT"
  revision = "f21a8cedbbae609f623613ec8f81125c243212e6"
  version = "v1.3"

[[projects]]
  digest = "1:865079840386857c809b72ce300be7580cb50d3d3129ce11bf9aa6ca2bc1934a"
  name = "github.com/fatih/color"
  packages = ["."]
  pruneopts = "UT"
  revision = "5b77d2a35fb0ede96d138fc9a99f5c9b6aef11b4"
  version = "v1.7.0"

[[projects]]
  digest = "1:fb46255681497314debedde38b64be32a75bae50bad107586c22f1662bf2d352"
  name = "github.com/go-ini/ini"
  packages = ["."]
  pruneopts = "UT"
  revision = "06f5f3d67269ccec1fe5fe4134ba6e982984f7f5"
  version = "v1.37.0"

[[projects]]
  digest = "1:b3d20bcdedab2050e6bc58e52f4fdc46f710b4c74e1a1ecee262ebec1aee7b6e"
  name = "github.com/godbus/dbus"
  packages = ["."]
  pruneopts = "UT"
  revision = "2ff6f7ffd60f0f2410b3105864bdd12c7894f844"
  version = "v5.0.1"

[[projects]]
  branch = "master"
  digest = "1:36f5bd9b89fcd728488eee3a0cf8787448579ac381fded60edd6e3ac01fe1a38"
  name = "github.com/gsterjov/go-libsecret"
  packages = ["."]
  pruneopts = "UT"
  revision = "a6f4afe4910cad8688db3e0e9b9ac92ad22d54e1"

[[projects]]
  branch = "master"
  digest = "1:34cb7d19f5610289f8f9ed202b2bfeaa37390308d59ac5fd6cb82bd187e663b1"
  name = "github.com/headzoo/surf"
  packages = [
    ".",
    "agent",
    "browser",
    "errors",
    "jar",
    "util",
  ]
  pruneopts = "UT"
  revision = "a4a8c16c01dc47ef3a25326d21745806f3e6797a"

[[projects]]
  digest = "1:e22af8c7518e1eab6f2eab2b7d7558927f816262586cd6ed9f349c97a6c285c4"
  name = "github.com/jmespath/go-jmespath"
  packages = ["."]
  pruneopts = "UT"
  revision = "0b12d6b5"

[[projects]]
  branch = "master"
  digest = "1:00e5d2ab594acd9a96265e8e6a46bbf07f0cfcbe20f0e8e415eb80536b1b7ccf"
  name = "github.com/keybase/go-keychain"
  packages = ["."]
  pruneopts = "UT"
  revision = "f1daa725cce4049b1715f1e97d6a51880e401e70"

[[projects]]
  digest = "1:c658e84ad3916da105a761660dcaeb01e63416c8ec7bc62256a9b411a05fcd67"
  name = "github.com/mattn/go-colorable"
  packages = ["."]
  pruneopts = "UT"
  revision = "167de6bfdfba052fa6b2d3664c8f5272e23c9072"
  version = "v0.0.9"

[[projects]]
  digest = "1:d4d17353dbd05cb52a2a52b7fe1771883b682806f68db442b436294926bbfafb"
  name = "github.com/mattn/go-isatty"
  packages = ["."]
  pruneopts = "UT"
  revision = "0360b2af4f38e8d38c7fce2a9f4e702702d73a39"
  version = "v0.0.3"

[[projects]]
  branch = "master"
  digest = "1:2b32af4d2a529083275afc192d1067d8126b578c7a9613b26600e4df9c735155"
  name = "github.com/mgutz/ansi"
  packages = ["."]
  pruneopts = "UT"
  revision = "9520e82c474b0a04dd04f8a40959027271bab992"

[[projects]]
  branch = "master"
  digest = "1:8eb17c2ec4df79193ae65b621cd1c0c4697db3bc317fe6afdc76d7f2746abd05"
  name = "github.com/mitchellh/go-homedir"
  packages = ["."]
  pruneopts = "UT"
  revision = "3864e76763d94a6df2f9960b16a20a33da9f9a66"

[[projects]]
  digest = "1:40e195917a951a8bf867cd05de2a46aaf1806c50cf92eebf4c16f78cd196f747"
  name = "github.com/pkg/errors"
  packages = ["."]
  pruneopts = "UT"
  revision = "645ef00459ed84a119197bfb8d8205042c6df63d"
  version = "v0.8.0"

[[projects]]
  digest = "1:0028cb19b2e4c3112225cd871870f2d9cf49b9b4276531f03438a88e94be86fe"
  name = "github.com/pmezard/go-difflib"
  packages = ["difflib"]
  pruneopts = "UT"
  revision = "792786c7400a136282c1664665ae0a8db921c6c2"
  version = "v1.0.0"

[[projects]]
  branch = "master"
  digest = "1:dbfe572cc258e5bcf54cb650a06d90edd0da04e42ca1ed909cc1d49f00011c63"
  name = "github.com/robertkrimen/otto"
  packages = [
    ".",
    "ast",
    "dbg",
    "file",
    "parser",
    "registry",
    "token",
  ]
  pruneopts = "UT"
  revision = "15f95af6e78dcd2030d8195a138bd88d4f403546"

[[projects]]
  digest = "1:9e9193aa51197513b3abcb108970d831fbcf40ef96aa845c4f03276e1fa316d2"
  name = "github.com/sirupsen/logrus"
  packages = ["."]
  pruneopts = "UT"
  revision = "c155da19408a8799da419ed3eeb0cb5db0ad5dbc"
  version = "v1.0.5"

[[projects]]
  digest = "1:ac83cf90d08b63ad5f7e020ef480d319ae890c208f8524622a2f3136e2686b02"
  name = "github.com/stretchr/objx"
  packages = ["."]
  pruneopts = "UT"
  revision = "477a77ecc69700c7cdeb1fa9e129548e1c1c393c"
  version = "v0.1.1"

[[projects]]
  digest = "1:cf4fdb98e23a565bd82473027d37512a3d5b186fba3a1895d7e8401d8ce3ffe1"
  name = "github.com/stretchr/testify"
  packages = [
    "assert",
    "mock",
    "require",
  ]
  pruneopts = "UT"
  revision = "f35b8ab0b5a2cef36673838d662e249dd9c94686"
  version = "v1.2.2"

[[projects]]
  digest = "1:5035b1f8df9ce0a77ce87eb485cb5f10e285b6772c953ab9fcd69f418620a998"
  name = "github.com/tidwall/gjson"
  packages = ["."]
  pruneopts = "UT"
  revision = "afaeb9562041a8018c74e006551143666aed08bf"
  version = "v1.1.1"

[[projects]]
  branch = "master"
  digest = "1:d3f968e2a2c9f8506ed44b01b605ade0176ba6cf73ff679073e77cfdef2c0d55"
  name = "github.com/tidwall/match"
  packages = ["."]
  pruneopts = "UT"
  revision = "1731857f09b1f38450e2c12409748407822dc6be"

[[projects]]
  branch = "master"
  digest = "1:ee04668811bcca0958f730d2595813a8d2561e9a9e68b0387de6362545d9823b"
  name = "golang.org/x/crypto"
  packages = [
    "md4",
    "ssh/terminal",
  ]
  pruneopts = "UT"
  revision = "a8fb68e7206f8c78be19b432c58eb52a6aa34462"

[[projects]]
  branch = "master"
  digest = "1:aa1b5903bc0257d88515fdf5025bf42c689605bdf92c249e0c557accdd3652cd"
  name = "golang.org/x/net"
  packages = [
    "html",
    "html/atom",
    "idna",
    "publicsuffix",
  ]
  pruneopts = "UT"
  revision = "db08ff08e8622530d9ed3a0e8ac279f6d4c02196"

[[projects]]
  branch = "master"
  digest = "1:0d0ca6aa81eb65a52a6e128bddf01753daed51c82550ddd9db9822b272f69f72"
  name = "golang.org/x/sys"
  packages = [
    "unix",
    "windows",
  ]
  pruneopts = "UT"
  revision = "8014b7b116a67fea23fbb82cd834c9ad656ea44b"

[[projects]]
  digest = "1:a2ab62866c75542dd18d2b069fec854577a20211d7c0ea6ae746072a1dccdd18"
  name = "golang.org/x/text"
  packages = [
    "collate",
    "collate/build",
    "internal/colltab",
    "internal/gen",
    "internal/tag",
    "internal/triegen",
    "internal/ucd",
    "language",
    "secure/bidirule",
    "transform",
    "unicode/bidi",
    "unicode/cldr",
    "unicode/norm",
    "unicode/rangetable",
  ]
  pruneopts = "UT"
  revision = "f21a4dfb5e38f5895301dc265a8def02365cc3d0"
  version = "v0.3.0"

[[projects]]
  digest = "1:42763582556a1a345ad6fe11ef6a73ed706b74997fa24c648a566251c1c2255d"
  name = "gopkg.in/AlecAivazis/survey.v1"
  packages = [
    ".",
    "core",
    "terminal",
  ]
  pruneopts = "UT"
  revision = "e752db451e07e09c7d7dc8cada807a44bdb0fd47"
  version = "v1.5.3"

[[projects]]
  digest = "1:fb46255681497314debedde38b64be32a75bae50bad107586c22f1662bf2d352"
  name = "gopkg.in/ini.v1"
  packages = ["."]
  pruneopts = "UT"
  revision = "06f5f3d67269ccec1fe5fe4134ba6e982984f7f5"
  version = "v1.37.0"

[[projects]]
  digest = "1:9935525a8c49b8434a0b0a54e1980e94a6fae73aaff45c5d33ba8dff69de123e"
  name = "gopkg.in/sourcemap.v1"
  packages = [
    ".",
    "base64vlq",
  ]
  pruneopts = "UT"
  revision = "6e83acea0053641eff084973fee085f0c193c61a"
  version = "v1.0.5"

[solve-meta]
  analyzer-name = "dep"
  analyzer-version = 1
  input-imports = [
    "github.com/99designs/keyring",
    "github.com/Azure/go-ntlmssp",
    "github.com/PuerkitoBio/goquery",
    "github.com/alecthomas/kingpin",
    "github.com/aws/aws-sdk-go/aws",
    "github.com/aws/aws-sdk-go/aws/awserr",
    "github.com/aws/aws-sdk-go/aws/session",
    "github.com/aws/aws-sdk-go/service/sts",
    "github.com/beevik/etree",
    "github.com/briandowns/spinner",
    "github.com/danieljoos/wincred",
    "github.com/headzoo/surf",
    "github.com/headzoo/surf/browser",
    "github.com/mitchellh/go-homedir",
    "github.com/pkg/errors",
    "github.com/robertkrimen/otto",
    "github.com/sirupsen/logrus",
    "github.com/stretchr/testify/assert",
    "github.com/stretchr/testify/mock",
    "github.com/stretchr/testify/require",
    "github.com/tidwall/gjson",
    "golang.org/x/net/publicsuffix",
    "gopkg.in/AlecAivazis/survey.v1",
    "gopkg.in/ini.v1",
  ]
  solver-name = "gps-cdcl"
  solver-version = 1
